
Microsoft Visual Studio Solution File, Format Version 12.00
# Visual Studio Version 17
VisualStudioVersion = 17.13.35825.156
MinimumVisualStudioVersion = 10.0.40219.1
Project("{FAE04EC0-301F-11D3-BF4B-00C04F79EFBC}") = "GadjetsStore", "GadjetsStore\GadjetsStore.csproj", "{2C58FC46-55B4-4653-B626-D92A34EFE246}"
EndProject
Project("{FAE04EC0-301F-11D3-BF4B-00C04F79EFBC}") = "Repositories", "Repositories\Repositories.csproj", "{1E8A588A-1D0D-45D5-8DC6-D612C36550C3}"
EndProject
Project("{FAE04EC0-301F-11D3-BF4B-00C04F79EFBC}") = "Services", "Services\Services.csproj", "{2C7641D5-7427-4616-9CE6-4FF29C1D18CC}"
EndProject
Project("{FAE04EC0-301F-11D3-BF4B-00C04F79EFBC}") = "Entities", "Entities\Entities.csproj", "{315DCAF3-03DC-471F-81D1-2C8FEF82CEB0}"
EndProject
Project("{FAE04EC0-301F-11D3-BF4B-00C04F79EFBC}") = "TestProject", "TestProject\TestProject.csproj", "{FAEAEFAA-B13D-476B-BF3F-FCFA2B4D3D44}"
EndProject
Project("{FAE04EC0-301F-11D3-BF4B-00C04F79EFBC}") = "DTOs", "DTOs\DTOs.csproj", "{BD79B633-21A5-452A-8821-6AA494E478E1}"
EndProject
Global
	GlobalSection(SolutionConfigurationPlatforms) = preSolution
		Debug|Any CPU = Debug|Any CPU
		Release|Any CPU = Release|Any CPU
	EndGlobalSection
	GlobalSection(ProjectConfigurationPlatforms) = postSolution
		{2C58FC46-55B4-4653-B626-D92A34EFE246}.Debug|Any CPU.ActiveCfg = Debug|Any CPU
		{2C58FC46-55B4-4653-B626-D92A34EFE246}.Debug|Any CPU.Build.0 = Debug|Any CPU
		{2C58FC46-55B4-4653-B626-D92A34EFE246}.Release|Any CPU.ActiveCfg = Release|Any CPU
		{2C58FC46-55B4-4653-B626-D92A34EFE246}.Release|Any CPU.Build.0 = Release|Any CPU
		{1E8A588A-1D0D-45D5-8DC6-D612C36550C3}.Debug|Any CPU.ActiveCfg = Debug|Any CPU
		{1E8A588A-1D0D-45D5-8DC6-D612C36550C3}.Debug|Any CPU.Build.0 = Debug|Any CPU
		{1E8A588A-1D0D-45D5-8DC6-D612C36550C3}.Release|Any CPU.ActiveCfg = Release|Any CPU
		{1E8A588A-1D0D-45D5-8DC6-D612C36550C3}.Release|Any CPU.Build.0 = Release|Any CPU
		{2C7641D5-7427-4616-9CE6-4FF29C1D18CC}.Debug|Any CPU.ActiveCfg = Debug|Any CPU
		{2C7641D5-7427-4616-9CE6-4FF29C1D18CC}.Debug|Any CPU.Build.0 = Debug|Any CPU
		{2C7641D5-7427-4616-9CE6-4FF29C1D18CC}.Release|Any CPU.ActiveCfg = Release|Any CPU
		{2C7641D5-7427-4616-9CE6-4FF29C1D18CC}.Release|Any CPU.Build.0 = Release|Any CPU
		{315DCAF3-03DC-471F-81D1-2C8FEF82CEB0}.Debug|Any CPU.ActiveCfg = Debug|Any CPU
		{315DCAF3-03DC-471F-81D1-2C8FEF82CEB0}.Debug|Any CPU.Build.0 = Debug|Any CPU
		{315DCAF3-03DC-471F-81D1-2C8FEF82CEB0}.Release|Any CPU.ActiveCfg = Release|Any CPU
		{315DCAF3-03DC-471F-81D1-2C8FEF82CEB0}.Release|Any CPU.Build.0 = Release|Any CPU
		{FAEAEFAA-B13D-476B-BF3F-FCFA2B4D3D44}.Debug|Any CPU.ActiveCfg = Debug|Any CPU
		{FAEAEFAA-B13D-476B-BF3F-FCFA2B4D3D44}.Debug|Any CPU.Build.0 = Debug|Any CPU
		{FAEAEFAA-B13D-476B-BF3F-FCFA2B4D3D44}.Release|Any CPU.ActiveCfg = Release|Any CPU
		{FAEAEFAA-B13D-476B-BF3F-FCFA2B4D3D44}.Release|Any CPU.Build.0 = Release|Any CPU
		{BD79B633-21A5-452A-8821-6AA494E478E1}.Debug|Any CPU.ActiveCfg = Debug|Any CPU
		{BD79B633-21A5-452A-8821-6AA494E478E1}.Debug|Any CPU.Build.0 = Debug|Any CPU
		{BD79B633-21A5-452A-8821-6AA494E478E1}.Release|Any CPU.ActiveCfg = Release|Any CPU
		{BD79B633-21A5-452A-8821-6AA494E478E1}.Release|Any CPU.Build.0 = Release|Any CPU
	EndGlobalSection
	GlobalSection(SolutionProperties) = preSolution
		HideSolutionNode = FALSE
	EndGlobalSection
	GlobalSection(ExtensibilityGlobals) = postSolution
		SolutionGuid = {88C0B1BB-0437-4C7E-BDD2-35A6835D0842}
	EndGlobalSection
EndGlobal
